
Microsoft Visual Studio Solution File, Format Version 12.00
# Visual Studio 15
VisualStudioVersion = 15.0.28307.645
MinimumVisualStudioVersion = 10.0.40219.1
Project("{FAE04EC0-301F-11D3-BF4B-00C04F79EFBC}") = "ENGCOMP022019-ANALISADORLEXICO", "ENGCOMP022019-ANALISADORLEXICO\ENGCOMP022019-ANALISADORLEXICO.csproj", "{44892876-1D77-437C-94C1-D604B3889D0F}"
EndProject
Global
	GlobalSection(SolutionConfigurationPlatforms) = preSolution
		Debug|Any CPU = Debug|Any CPU
		Release|Any CPU = Release|Any CPU
	EndGlobalSection
	GlobalSection(ProjectConfigurationPlatforms) = postSolution
		{44892876-1D77-437C-94C1-D604B3889D0F}.Debug|Any CPU.ActiveCfg = Debug|Any CPU
		{44892876-1D77-437C-94C1-D604B3889D0F}.Debug|Any CPU.Build.0 = Debug|Any CPU
		{44892876-1D77-437C-94C1-D604B3889D0F}.Release|Any CPU.ActiveCfg = Release|Any CPU
		{44892876-1D77-437C-94C1-D604B3889D0F}.Release|Any CPU.Build.0 = Release|Any CPU
	EndGlobalSection
	GlobalSection(SolutionProperties) = preSolution
		HideSolutionNode = FALSE
	EndGlobalSection
	GlobalSection(ExtensibilityGlobals) = postSolution
		SolutionGuid = {1E53B79E-EC82-4668-8506-E893851E85D9}
	EndGlobalSection
EndGlobal
